
Microsoft Visual Studio Solution File, Format Version 12.00
# Visual Studio 15
VisualStudioVersion = 15.0.27703.2026
MinimumVisualStudioVersion = 10.0.40219.1
Project("{FAE04EC0-301F-11D3-BF4B-00C04F79EFBC}") = "ThreadApps", "ThreadApps\ThreadApps.csproj", "{0159CB85-4EBB-4207-AF2A-4D90AE6C69F3}"
EndProject
Global
	GlobalSection(SolutionConfigurationPlatforms) = preSolution
		Debug|Any CPU = Debug|Any CPU
		Release|Any CPU = Release|Any CPU
	EndGlobalSection
	GlobalSection(ProjectConfigurationPlatforms) = postSolution
		{0159CB85-4EBB-4207-AF2A-4D90AE6C69F3}.Debug|Any CPU.ActiveCfg = Debug|Any CPU
		{0159CB85-4EBB-4207-AF2A-4D90AE6C69F3}.Debug|Any CPU.Build.0 = Debug|Any CPU
		{0159CB85-4EBB-4207-AF2A-4D90AE6C69F3}.Release|Any CPU.ActiveCfg = Release|Any CPU
		{0159CB85-4EBB-4207-AF2A-4D90AE6C69F3}.Release|Any CPU.Build.0 = Release|Any CPU
	EndGlobalSection
	GlobalSection(SolutionProperties) = preSolution
		HideSolutionNode = FALSE
	EndGlobalSection
	GlobalSection(ExtensibilityGlobals) = postSolution
		SolutionGuid = {0E97B127-E6C8-4EBD-8816-7541AF2B3B6D}
	EndGlobalSection
EndGlobal
