
Microsoft Visual Studio Solution File, Format Version 12.00
# Visual Studio 15
VisualStudioVersion = 15.0.27703.2026
MinimumVisualStudioVersion = 10.0.40219.1
Project("{FAE04EC0-301F-11D3-BF4B-00C04F79EFBC}") = "TPLApp", "TPLApp\TPLApp.csproj", "{5350A8C7-BC59-44B6-9A1C-4EE41843DDCE}"
EndProject
Global
	GlobalSection(SolutionConfigurationPlatforms) = preSolution
		Debug|Any CPU = Debug|Any CPU
		Release|Any CPU = Release|Any CPU
	EndGlobalSection
	GlobalSection(ProjectConfigurationPlatforms) = postSolution
		{5350A8C7-BC59-44B6-9A1C-4EE41843DDCE}.Debug|Any CPU.ActiveCfg = Debug|Any CPU
		{5350A8C7-BC59-44B6-9A1C-4EE41843DDCE}.Debug|Any CPU.Build.0 = Debug|Any CPU
		{5350A8C7-BC59-44B6-9A1C-4EE41843DDCE}.Release|Any CPU.ActiveCfg = Release|Any CPU
		{5350A8C7-BC59-44B6-9A1C-4EE41843DDCE}.Release|Any CPU.Build.0 = Release|Any CPU
	EndGlobalSection
	GlobalSection(SolutionProperties) = preSolution
		HideSolutionNode = FALSE
	EndGlobalSection
	GlobalSection(ExtensibilityGlobals) = postSolution
		SolutionGuid = {F1F438B9-95CE-4346-AEDA-5E12EDEF615F}
	EndGlobalSection
EndGlobal
